
Microsoft Visual Studio Solution File, Format Version 12.00
# Visual Studio Version 16
VisualStudioVersion = 16.0.29009.5
MinimumVisualStudioVersion = 10.0.40219.1
Project("{9A19103F-16F7-4668-BE54-9A1E7A4F7556}") = "BullsAndCows", "BullsAndCows\BullsAndCows.csproj", "{A17B9A75-ED20-4145-B5A8-20B58FB417B4}"
EndProject
Project("{9A19103F-16F7-4668-BE54-9A1E7A4F7556}") = "BullsAndCows.Models", "BullsAndCows.Models\BullsAndCows.Models.csproj", "{EAACF3B6-0698-4E6D-BE0E-0A42CE7A2809}"
EndProject
Project("{9A19103F-16F7-4668-BE54-9A1E7A4F7556}") = "BullsAndCows.Data", "BullsAndCows.Data\BullsAndCows.Data.csproj", "{C65A899E-5840-4F7D-809E-D21DD1D178BB}"
EndProject
Global
	GlobalSection(SolutionConfigurationPlatforms) = preSolution
		Debug|Any CPU = Debug|Any CPU
		Release|Any CPU = Release|Any CPU
	EndGlobalSection
	GlobalSection(ProjectConfigurationPlatforms) = postSolution
		{A17B9A75-ED20-4145-B5A8-20B58FB417B4}.Debug|Any CPU.ActiveCfg = Debug|Any CPU
		{A17B9A75-ED20-4145-B5A8-20B58FB417B4}.Debug|Any CPU.Build.0 = Debug|Any CPU
		{A17B9A75-ED20-4145-B5A8-20B58FB417B4}.Release|Any CPU.ActiveCfg = Release|Any CPU
		{A17B9A75-ED20-4145-B5A8-20B58FB417B4}.Release|Any CPU.Build.0 = Release|Any CPU
		{EAACF3B6-0698-4E6D-BE0E-0A42CE7A2809}.Debug|Any CPU.ActiveCfg = Debug|Any CPU
		{EAACF3B6-0698-4E6D-BE0E-0A42CE7A2809}.Debug|Any CPU.Build.0 = Debug|Any CPU
		{EAACF3B6-0698-4E6D-BE0E-0A42CE7A2809}.Release|Any CPU.ActiveCfg = Release|Any CPU
		{EAACF3B6-0698-4E6D-BE0E-0A42CE7A2809}.Release|Any CPU.Build.0 = Release|Any CPU
		{C65A899E-5840-4F7D-809E-D21DD1D178BB}.Debug|Any CPU.ActiveCfg = Debug|Any CPU
		{C65A899E-5840-4F7D-809E-D21DD1D178BB}.Debug|Any CPU.Build.0 = Debug|Any CPU
		{C65A899E-5840-4F7D-809E-D21DD1D178BB}.Release|Any CPU.ActiveCfg = Release|Any CPU
		{C65A899E-5840-4F7D-809E-D21DD1D178BB}.Release|Any CPU.Build.0 = Release|Any CPU
	EndGlobalSection
	GlobalSection(SolutionProperties) = preSolution
		HideSolutionNode = FALSE
	EndGlobalSection
	GlobalSection(ExtensibilityGlobals) = postSolution
		SolutionGuid = {40745A98-C5F9-4ADA-8DA2-E0A9D0EC2775}
	EndGlobalSection
EndGlobal
